
Microsoft Visual Studio Solution File, Format Version 12.00
# Visual Studio Version 17
VisualStudioVersion = 17.8.34601.278
MinimumVisualStudioVersion = 10.0.40219.1
Project("{FAE04EC0-301F-11D3-BF4B-00C04F79EFBC}") = "RazorClassLibrary1", "RazorClassLibrary1\RazorClassLibrary1.csproj", "{BD34927A-EF5A-4882-B038-93297A67F59E}"
EndProject
Global
	GlobalSection(SolutionConfigurationPlatforms) = preSolution
		Debug|Any CPU = Debug|Any CPU
		Release|Any CPU = Release|Any CPU
	EndGlobalSection
	GlobalSection(ProjectConfigurationPlatforms) = postSolution
		{BD34927A-EF5A-4882-B038-93297A67F59E}.Debug|Any CPU.ActiveCfg = Debug|Any CPU
		{BD34927A-EF5A-4882-B038-93297A67F59E}.Debug|Any CPU.Build.0 = Debug|Any CPU
		{BD34927A-EF5A-4882-B038-93297A67F59E}.Release|Any CPU.ActiveCfg = Release|Any CPU
		{BD34927A-EF5A-4882-B038-93297A67F59E}.Release|Any CPU.Build.0 = Release|Any CPU
	EndGlobalSection
	GlobalSection(SolutionProperties) = preSolution
		HideSolutionNode = FALSE
	EndGlobalSection
	GlobalSection(ExtensibilityGlobals) = postSolution
		SolutionGuid = {18B5B25B-5E6C-46F4-9789-293A632C989B}
	EndGlobalSection
EndGlobal
